
Microsoft Visual Studio Solution File, Format Version 12.00
# Visual Studio Version 17
VisualStudioVersion = 17.6.33712.159
MinimumVisualStudioVersion = 10.0.40219.1
Project("{FAE04EC0-301F-11D3-BF4B-00C04F79EFBC}") = "Deltacore", "Deltacore.csproj", "{D670DF61-33AF-49EE-9524-7C6BAAFC307A}"
EndProject
Global
	GlobalSection(SolutionConfigurationPlatforms) = preSolution
		Debug|Any CPU = Debug|Any CPU
		Release|Any CPU = Release|Any CPU
	EndGlobalSection
	GlobalSection(ProjectConfigurationPlatforms) = postSolution
		{D670DF61-33AF-49EE-9524-7C6BAAFC307A}.Debug|Any CPU.ActiveCfg = Debug|Any CPU
		{D670DF61-33AF-49EE-9524-7C6BAAFC307A}.Debug|Any CPU.Build.0 = Debug|Any CPU
		{D670DF61-33AF-49EE-9524-7C6BAAFC307A}.Release|Any CPU.ActiveCfg = Release|Any CPU
		{D670DF61-33AF-49EE-9524-7C6BAAFC307A}.Release|Any CPU.Build.0 = Release|Any CPU
	EndGlobalSection
	GlobalSection(SolutionProperties) = preSolution
		HideSolutionNode = FALSE
	EndGlobalSection
	GlobalSection(ExtensibilityGlobals) = postSolution
		SolutionGuid = {68C93AC3-846A-4F81-94B8-5E247018ABB8}
	EndGlobalSection
EndGlobal
